
Microsoft Visual Studio Solution File, Format Version 12.00
# Visual Studio 15
VisualStudioVersion = 15.0.26124.0
MinimumVisualStudioVersion = 15.0.26124.0
Project("{F2A71F9B-5D33-465A-A702-920D77279786}") = "FsDsp", "FsDsp\FsDsp.fsproj", "{CA43824D-84F9-4896-B75B-BA9CAD141215}"
EndProject
Project("{F2A71F9B-5D33-465A-A702-920D77279786}") = "Tests", "Tests\Tests.fsproj", "{3B5C4084-EBDA-4C54-BDB2-FD60B4373BED}"
EndProject
Project("{F2A71F9B-5D33-465A-A702-920D77279786}") = "Benchmarks", "Benchmarks\Benchmarks.fsproj", "{D6B91471-61BD-4886-8FD5-3F17A33D9B01}"
EndProject
Project("{F2A71F9B-5D33-465A-A702-920D77279786}") = "Client", "Client\Client.fsproj", "{2FA37AF4-D856-47D4-8FFF-97E37D65B8B5}"
EndProject
Global
	GlobalSection(SolutionConfigurationPlatforms) = preSolution
		Debug|Any CPU = Debug|Any CPU
		Debug|x64 = Debug|x64
		Debug|x86 = Debug|x86
		Release|Any CPU = Release|Any CPU
		Release|x64 = Release|x64
		Release|x86 = Release|x86
	EndGlobalSection
	GlobalSection(SolutionProperties) = preSolution
		HideSolutionNode = FALSE
	EndGlobalSection
	GlobalSection(ProjectConfigurationPlatforms) = postSolution
		{CA43824D-84F9-4896-B75B-BA9CAD141215}.Debug|Any CPU.ActiveCfg = Debug|Any CPU
		{CA43824D-84F9-4896-B75B-BA9CAD141215}.Debug|Any CPU.Build.0 = Debug|Any CPU
		{CA43824D-84F9-4896-B75B-BA9CAD141215}.Debug|x64.ActiveCfg = Debug|Any CPU
		{CA43824D-84F9-4896-B75B-BA9CAD141215}.Debug|x64.Build.0 = Debug|Any CPU
		{CA43824D-84F9-4896-B75B-BA9CAD141215}.Debug|x86.ActiveCfg = Debug|Any CPU
		{CA43824D-84F9-4896-B75B-BA9CAD141215}.Debug|x86.Build.0 = Debug|Any CPU
		{CA43824D-84F9-4896-B75B-BA9CAD141215}.Release|Any CPU.ActiveCfg = Release|Any CPU
		{CA43824D-84F9-4896-B75B-BA9CAD141215}.Release|Any CPU.Build.0 = Release|Any CPU
		{CA43824D-84F9-4896-B75B-BA9CAD141215}.Release|x64.ActiveCfg = Release|Any CPU
		{CA43824D-84F9-4896-B75B-BA9CAD141215}.Release|x64.Build.0 = Release|Any CPU
		{CA43824D-84F9-4896-B75B-BA9CAD141215}.Release|x86.ActiveCfg = Release|Any CPU
		{CA43824D-84F9-4896-B75B-BA9CAD141215}.Release|x86.Build.0 = Release|Any CPU
		{3B5C4084-EBDA-4C54-BDB2-FD60B4373BED}.Debug|Any CPU.ActiveCfg = Debug|Any CPU
		{3B5C4084-EBDA-4C54-BDB2-FD60B4373BED}.Debug|Any CPU.Build.0 = Debug|Any CPU
		{3B5C4084-EBDA-4C54-BDB2-FD60B4373BED}.Debug|x64.ActiveCfg = Debug|Any CPU
		{3B5C4084-EBDA-4C54-BDB2-FD60B4373BED}.Debug|x64.Build.0 = Debug|Any CPU
		{3B5C4084-EBDA-4C54-BDB2-FD60B4373BED}.Debug|x86.ActiveCfg = Debug|Any CPU
		{3B5C4084-EBDA-4C54-BDB2-FD60B4373BED}.Debug|x86.Build.0 = Debug|Any CPU
		{3B5C4084-EBDA-4C54-BDB2-FD60B4373BED}.Release|Any CPU.ActiveCfg = Release|Any CPU
		{3B5C4084-EBDA-4C54-BDB2-FD60B4373BED}.Release|Any CPU.Build.0 = Release|Any CPU
		{3B5C4084-EBDA-4C54-BDB2-FD60B4373BED}.Release|x64.ActiveCfg = Release|Any CPU
		{3B5C4084-EBDA-4C54-BDB2-FD60B4373BED}.Release|x64.Build.0 = Release|Any CPU
		{3B5C4084-EBDA-4C54-BDB2-FD60B4373BED}.Release|x86.ActiveCfg = Release|Any CPU
		{3B5C4084-EBDA-4C54-BDB2-FD60B4373BED}.Release|x86.Build.0 = Release|Any CPU
		{D6B91471-61BD-4886-8FD5-3F17A33D9B01}.Debug|Any CPU.ActiveCfg = Debug|Any CPU
		{D6B91471-61BD-4886-8FD5-3F17A33D9B01}.Debug|Any CPU.Build.0 = Debug|Any CPU
		{D6B91471-61BD-4886-8FD5-3F17A33D9B01}.Debug|x64.ActiveCfg = Debug|Any CPU
		{D6B91471-61BD-4886-8FD5-3F17A33D9B01}.Debug|x64.Build.0 = Debug|Any CPU
		{D6B91471-61BD-4886-8FD5-3F17A33D9B01}.Debug|x86.ActiveCfg = Debug|Any CPU
		{D6B91471-61BD-4886-8FD5-3F17A33D9B01}.Debug|x86.Build.0 = Debug|Any CPU
		{D6B91471-61BD-4886-8FD5-3F17A33D9B01}.Release|Any CPU.ActiveCfg = Release|Any CPU
		{D6B91471-61BD-4886-8FD5-3F17A33D9B01}.Release|Any CPU.Build.0 = Release|Any CPU
		{D6B91471-61BD-4886-8FD5-3F17A33D9B01}.Release|x64.ActiveCfg = Release|Any CPU
		{D6B91471-61BD-4886-8FD5-3F17A33D9B01}.Release|x64.Build.0 = Release|Any CPU
		{D6B91471-61BD-4886-8FD5-3F17A33D9B01}.Release|x86.ActiveCfg = Release|Any CPU
		{D6B91471-61BD-4886-8FD5-3F17A33D9B01}.Release|x86.Build.0 = Release|Any CPU
		{2FA37AF4-D856-47D4-8FFF-97E37D65B8B5}.Debug|Any CPU.ActiveCfg = Debug|Any CPU
		{2FA37AF4-D856-47D4-8FFF-97E37D65B8B5}.Debug|Any CPU.Build.0 = Debug|Any CPU
		{2FA37AF4-D856-47D4-8FFF-97E37D65B8B5}.Debug|x64.ActiveCfg = Debug|Any CPU
		{2FA37AF4-D856-47D4-8FFF-97E37D65B8B5}.Debug|x64.Build.0 = Debug|Any CPU
		{2FA37AF4-D856-47D4-8FFF-97E37D65B8B5}.Debug|x86.ActiveCfg = Debug|Any CPU
		{2FA37AF4-D856-47D4-8FFF-97E37D65B8B5}.Debug|x86.Build.0 = Debug|Any CPU
		{2FA37AF4-D856-47D4-8FFF-97E37D65B8B5}.Release|Any CPU.ActiveCfg = Release|Any CPU
		{2FA37AF4-D856-47D4-8FFF-97E37D65B8B5}.Release|Any CPU.Build.0 = Release|Any CPU
		{2FA37AF4-D856-47D4-8FFF-97E37D65B8B5}.Release|x64.ActiveCfg = Release|Any CPU
		{2FA37AF4-D856-47D4-8FFF-97E37D65B8B5}.Release|x64.Build.0 = Release|Any CPU
		{2FA37AF4-D856-47D4-8FFF-97E37D65B8B5}.Release|x86.ActiveCfg = Release|Any CPU
		{2FA37AF4-D856-47D4-8FFF-97E37D65B8B5}.Release|x86.Build.0 = Release|Any CPU
	EndGlobalSection
EndGlobal
